Microsoft Visual Studio Solution File, Format Version 12.00
# Visual Studio Version 18
VisualStudioVersion = 18.9.12120.119
MinimumVisualStudioVersion = 10.0.40219.1
Project("{FAE04EC0-301F-11D3-BF4B-00C04F79EFBC}") = "Atlas.Domain", "src\Atlas.Domain\Atlas.Domain.csproj", "{EA4A7DCC-B84F-4524-958A-C018DC9C796D}"
EndProject
Project("{FAE04EC0-301F-11D3-BF4B-00C04F79EFBC}") = "Atlas.Application", "src\Atlas.Application\Atlas.Application.csproj", "{42D04F06-68B3-43D9-82BF-4F22FDBD94FA}"
EndProject
Project("{FAE04EC0-301F-11D3-BF4B-00C04F79EFBC}") = "Atlas.Infrastructure", "src\Atlas.Infrastructure\Atlas.Infrastructure.csproj", "{311DADCB-451C-42EF-B82D-6DFBCD048515}"
EndProject
Project("{FAE04EC0-301F-11D3-BF4B-00C04F79EFBC}") = "Atlas.Api", "src\Atlas.Api\Atlas.Api.csproj", "{511ED6CC-DF1C-47BB-A38B-4B6ED4F036FE}"
EndProject
Project("{FAE04EC0-301F-11D3-BF4B-00C04F79EFBC}") = "Atlas.Domain.Tests", "tests\Atlas.Domain.Tests\Atlas.Domain.Tests.csproj", "{2D379001-639A-4BAA-B533-9C5D68614168}"
EndProject
Project("{2150E333-8FDC-42A3-9474-1A3956D46DE8}") = "Solution Items", "Solution Items", "{96CB0D47-ECA6-44B3-93BD-64F7BFE681DB}"
	ProjectSection(SolutionItems) = preProject
		docs\ARCHITECTURE.md = docs\ARCHITECTURE.md
		docs\AZURE_DEPLOYMENT.md = docs\AZURE_DEPLOYMENT.md
	EndProjectSection
EndProject
Global
	GlobalSection(SolutionConfigurationPlatforms) = preSolution
		Debug|Any CPU = Debug|Any CPU
		Release|Any CPU = Release|Any CPU
	EndGlobalSection
	GlobalSection(ProjectConfigurationPlatforms) = postSolution
		{EA4A7DCC-B84F-4524-958A-C018DC9C796D}.Debug|Any CPU.ActiveCfg = Debug|Any CPU
		{EA4A7DCC-B84F-4524-958A-C018DC9C796D}.Debug|Any CPU.Build.0 = Debug|Any CPU
		{EA4A7DCC-B84F-4524-958A-C018DC9C796D}.Release|Any CPU.ActiveCfg = Release|Any CPU
		{EA4A7DCC-B84F-4524-958A-C018DC9C796D}.Release|Any CPU.Build.0 = Release|Any CPU
		{42D04F06-68B3-43D9-82BF-4F22FDBD94FA}.Debug|Any CPU.ActiveCfg = Debug|Any CPU
		{42D04F06-68B3-43D9-82BF-4F22FDBD94FA}.Debug|Any CPU.Build.0 = Debug|Any CPU
		{42D04F06-68B3-43D9-82BF-4F22FDBD94FA}.Release|Any CPU.ActiveCfg = Release|Any CPU
		{42D04F06-68B3-43D9-82BF-4F22FDBD94FA}.Release|Any CPU.Build.0 = Release|Any CPU
		{311DADCB-451C-42EF-B82D-6DFBCD048515}.Debug|Any CPU.ActiveCfg = Debug|Any CPU
		{311DADCB-451C-42EF-B82D-6DFBCD048515}.Debug|Any CPU.Build.0 = Debug|Any CPU
		{311DADCB-451C-42EF-B82D-6DFBCD048515}.Release|Any CPU.ActiveCfg = Release|Any CPU
		{311DADCB-451C-42EF-B82D-6DFBCD048515}.Release|Any CPU.Build.0 = Release|Any CPU
		{511ED6CC-DF1C-47BB-A38B-4B6ED4F036FE}.Debug|Any CPU.ActiveCfg = Debug|Any CPU
		{511ED6CC-DF1C-47BB-A38B-4B6ED4F036FE}.Debug|Any CPU.Build.0 = Debug|Any CPU
		{511ED6CC-DF1C-47BB-A38B-4B6ED4F036FE}.Release|Any CPU.ActiveCfg = Release|Any CPU
		{511ED6CC-DF1C-47BB-A38B-4B6ED4F036FE}.Release|Any CPU.Build.0 = Release|Any CPU
		{2D379001-639A-4BAA-B533-9C5D68614168}.Debug|Any CPU.ActiveCfg = Debug|Any CPU
		{2D379001-639A-4BAA-B533-9C5D68614168}.Debug|Any CPU.Build.0 = Debug|Any CPU
		{2D379001-639A-4BAA-B533-9C5D68614168}.Release|Any CPU.ActiveCfg = Release|Any CPU
		{2D379001-639A-4BAA-B533-9C5D68614168}.Release|Any CPU.Build.0 = Release|Any CPU
	EndGlobalSection
	GlobalSection(SolutionProperties) = preSolution
		HideSolutionNode = FALSE
	EndGlobalSection
	GlobalSection(ExtensibilityGlobals) = postSolution
		SolutionGuid = {8B6E0A9C-8B9B-4A1A-9C0A-1E7B5B7A0A11}
	EndGlobalSection
EndGlobal
